
Microsoft Visual Studio Solution File, Format Version 12.00
# Visual Studio Version 17
VisualStudioVersion = 17.11.35222.181
MinimumVisualStudioVersion = 10.0.40219.1
Project("{9A19103F-16F7-4668-BE54-9A1E7A4F7556}") = "Crytography.Web", "src\Crytography.Web\Crytography.Web.csproj", "{925F2B8D-3CFD-4956-BCAA-AE5FE3AD3CB0}"
EndProject
Global
	GlobalSection(SolutionConfigurationPlatforms) = preSolution
		Debug|Any CPU = Debug|Any CPU
		Release|Any CPU = Release|Any CPU
	EndGlobalSection
	GlobalSection(ProjectConfigurationPlatforms) = postSolution
		{925F2B8D-3CFD-4956-BCAA-AE5FE3AD3CB0}.Debug|Any CPU.ActiveCfg = Debug|Any CPU
		{925F2B8D-3CFD-4956-BCAA-AE5FE3AD3CB0}.Debug|Any CPU.Build.0 = Debug|Any CPU
		{925F2B8D-3CFD-4956-BCAA-AE5FE3AD3CB0}.Release|Any CPU.ActiveCfg = Release|Any CPU
		{925F2B8D-3CFD-4956-BCAA-AE5FE3AD3CB0}.Release|Any CPU.Build.0 = Release|Any CPU
	EndGlobalSection
	GlobalSection(SolutionProperties) = preSolution
		HideSolutionNode = FALSE
	EndGlobalSection
	GlobalSection(ExtensibilityGlobals) = postSolution
		SolutionGuid = {B8AB3962-99D2-4AD9-B792-B3D63397C713}
	EndGlobalSection
EndGlobal
